
Microsoft Visual Studio Solution File, Format Version 12.00
# Visual Studio Version 16
VisualStudioVersion = 16.0.28729.10
MinimumVisualStudioVersion = 10.0.40219.1
Project("{00D1A9C2-B5F0-4AF3-8072-F6C62B433612}") = "AdventureWorks", "AdventureWorks\AdventureWorks.sqlproj", "{301C5F49-2D85-461A-9090-6AADB2961C5F}"
EndProject
Global
	GlobalSection(SolutionConfigurationPlatforms) = preSolution
		Debug|Any CPU = Debug|Any CPU
		Release|Any CPU = Release|Any CPU
	EndGlobalSection
	GlobalSection(ProjectConfigurationPlatforms) = postSolution
		{301C5F49-2D85-461A-9090-6AADB2961C5F}.Debug|Any CPU.ActiveCfg = Debug|Any CPU
		{301C5F49-2D85-461A-9090-6AADB2961C5F}.Debug|Any CPU.Build.0 = Debug|Any CPU
		{301C5F49-2D85-461A-9090-6AADB2961C5F}.Debug|Any CPU.Deploy.0 = Debug|Any CPU
		{301C5F49-2D85-461A-9090-6AADB2961C5F}.Release|Any CPU.ActiveCfg = Release|Any CPU
		{301C5F49-2D85-461A-9090-6AADB2961C5F}.Release|Any CPU.Build.0 = Release|Any CPU
		{301C5F49-2D85-461A-9090-6AADB2961C5F}.Release|Any CPU.Deploy.0 = Release|Any CPU
	EndGlobalSection
	GlobalSection(SolutionProperties) = preSolution
		HideSolutionNode = FALSE
	EndGlobalSection
	GlobalSection(ExtensibilityGlobals) = postSolution
		SolutionGuid = {23FF1124-4610-4540-9C6E-6408E94D5EED}
	EndGlobalSection
EndGlobal
